
Microsoft Visual Studio Solution File, Format Version 12.00
# Visual Studio Version 16
VisualStudioVersion = 16.0.31515.178
MinimumVisualStudioVersion = 10.0.40219.1
Project("{FAE04EC0-301F-11D3-BF4B-00C04F79EFBC}") = "DataAccess", "DataAccess\DataAccess.csproj", "{C666D302-FD2C-4697-AF28-A79021EA9CFF}"
EndProject
Project("{FAE04EC0-301F-11D3-BF4B-00C04F79EFBC}") = "Business", "Business\Business.csproj", "{A46D0F2E-D0BC-4416-BB62-1B9827F06B0E}"
EndProject
Project("{FAE04EC0-301F-11D3-BF4B-00C04F79EFBC}") = "Core", "Core\Core.csproj", "{DBB78AC8-40B6-47C5-905F-DE3EFCB5FBBC}"
EndProject
Project("{FAE04EC0-301F-11D3-BF4B-00C04F79EFBC}") = "Entities", "Entities\Entities.csproj", "{659C0853-6CD1-4B34-9547-91079B688454}"
EndProject
Project("{FAE04EC0-301F-11D3-BF4B-00C04F79EFBC}") = "WebAPI", "WebAPI\WebAPI.csproj", "{0A4F05EA-FD99-4F35-9BB8-6AF947B6C129}"
EndProject
Global
	GlobalSection(SolutionConfigurationPlatforms) = preSolution
		Debug|Any CPU = Debug|Any CPU
		Release|Any CPU = Release|Any CPU
	EndGlobalSection
	GlobalSection(ProjectConfigurationPlatforms) = postSolution
		{C666D302-FD2C-4697-AF28-A79021EA9CFF}.Debug|Any CPU.ActiveCfg = Debug|Any CPU
		{C666D302-FD2C-4697-AF28-A79021EA9CFF}.Debug|Any CPU.Build.0 = Debug|Any CPU
		{C666D302-FD2C-4697-AF28-A79021EA9CFF}.Release|Any CPU.ActiveCfg = Release|Any CPU
		{C666D302-FD2C-4697-AF28-A79021EA9CFF}.Release|Any CPU.Build.0 = Release|Any CPU
		{A46D0F2E-D0BC-4416-BB62-1B9827F06B0E}.Debug|Any CPU.ActiveCfg = Debug|Any CPU
		{A46D0F2E-D0BC-4416-BB62-1B9827F06B0E}.Debug|Any CPU.Build.0 = Debug|Any CPU
		{A46D0F2E-D0BC-4416-BB62-1B9827F06B0E}.Release|Any CPU.ActiveCfg = Release|Any CPU
		{A46D0F2E-D0BC-4416-BB62-1B9827F06B0E}.Release|Any CPU.Build.0 = Release|Any CPU
		{DBB78AC8-40B6-47C5-905F-DE3EFCB5FBBC}.Debug|Any CPU.ActiveCfg = Debug|Any CPU
		{DBB78AC8-40B6-47C5-905F-DE3EFCB5FBBC}.Debug|Any CPU.Build.0 = Debug|Any CPU
		{DBB78AC8-40B6-47C5-905F-DE3EFCB5FBBC}.Release|Any CPU.ActiveCfg = Release|Any CPU
		{DBB78AC8-40B6-47C5-905F-DE3EFCB5FBBC}.Release|Any CPU.Build.0 = Release|Any CPU
		{659C0853-6CD1-4B34-9547-91079B688454}.Debug|Any CPU.ActiveCfg = Debug|Any CPU
		{659C0853-6CD1-4B34-9547-91079B688454}.Debug|Any CPU.Build.0 = Debug|Any CPU
		{659C0853-6CD1-4B34-9547-91079B688454}.Release|Any CPU.ActiveCfg = Release|Any CPU
		{659C0853-6CD1-4B34-9547-91079B688454}.Release|Any CPU.Build.0 = Release|Any CPU
		{0A4F05EA-FD99-4F35-9BB8-6AF947B6C129}.Debug|Any CPU.ActiveCfg = Debug|Any CPU
		{0A4F05EA-FD99-4F35-9BB8-6AF947B6C129}.Debug|Any CPU.Build.0 = Debug|Any CPU
		{0A4F05EA-FD99-4F35-9BB8-6AF947B6C129}.Release|Any CPU.ActiveCfg = Release|Any CPU
		{0A4F05EA-FD99-4F35-9BB8-6AF947B6C129}.Release|Any CPU.Build.0 = Release|Any CPU
	EndGlobalSection
	GlobalSection(SolutionProperties) = preSolution
		HideSolutionNode = FALSE
	EndGlobalSection
	GlobalSection(ExtensibilityGlobals) = postSolution
		SolutionGuid = {5396A651-6381-4C49-9FB5-6A48DA753A43}
	EndGlobalSection
EndGlobal
